
Microsoft Visual Studio Solution File, Format Version 12.00
# Visual Studio 15
VisualStudioVersion = 15.0.27130.2026
MinimumVisualStudioVersion = 10.0.40219.1
Project("{2150E333-8FDC-42A3-9474-1A3956D46DE8}") = "VulkanTests", "VulkanTests", "{5032C1CD-CCAE-4EC9-99AA-8290E31591EB}"
EndProject
Project("{39E2626F-3545-4960-A6E8-258AD8476CE5}") = "VulkanTests.Packaging", "VulkanTests\VulkanTests.Packaging\VulkanTests.Packaging.androidproj", "{BFE78BD3-7784-491B-A8D0-456AC690E832}"
EndProject
Project("{8BC9CEB8-8B4A-11D0-8D11-00A0C91BC942}") = "VulkanTests.NativeActivity", "VulkanTests\VulkanTests.NativeActivity\VulkanTests.NativeActivity.vcxproj", "{28346C7A-5F9B-4908-9DBD-A9C096A7B50B}"
EndProject
Global
	GlobalSection(SolutionConfigurationPlatforms) = preSolution
		Debug|ARM = Debug|ARM
		Debug|ARM64 = Debug|ARM64
		Debug|x64 = Debug|x64
		Debug|x86 = Debug|x86
		Release|ARM = Release|ARM
		Release|ARM64 = Release|ARM64
		Release|x64 = Release|x64
		Release|x86 = Release|x86
	EndGlobalSection
	GlobalSection(ProjectConfigurationPlatforms) = postSolution
		{BFE78BD3-7784-491B-A8D0-456AC690E832}.Debug|ARM.ActiveCfg = Debug|ARM
		{BFE78BD3-7784-491B-A8D0-456AC690E832}.Debug|ARM.Build.0 = Debug|ARM
		{BFE78BD3-7784-491B-A8D0-456AC690E832}.Debug|ARM.Deploy.0 = Debug|ARM
		{BFE78BD3-7784-491B-A8D0-456AC690E832}.Debug|ARM64.ActiveCfg = Debug|ARM64
		{BFE78BD3-7784-491B-A8D0-456AC690E832}.Debug|ARM64.Build.0 = Debug|ARM64
		{BFE78BD3-7784-491B-A8D0-456AC690E832}.Debug|ARM64.Deploy.0 = Debug|ARM64
		{BFE78BD3-7784-491B-A8D0-456AC690E832}.Debug|x64.ActiveCfg = Debug|x64
		{BFE78BD3-7784-491B-A8D0-456AC690E832}.Debug|x64.Build.0 = Debug|x64
		{BFE78BD3-7784-491B-A8D0-456AC690E832}.Debug|x64.Deploy.0 = Debug|x64
		{BFE78BD3-7784-491B-A8D0-456AC690E832}.Debug|x86.ActiveCfg = Debug|x86
		{BFE78BD3-7784-491B-A8D0-456AC690E832}.Debug|x86.Build.0 = Debug|x86
		{BFE78BD3-7784-491B-A8D0-456AC690E832}.Debug|x86.Deploy.0 = Debug|x86
		{BFE78BD3-7784-491B-A8D0-456AC690E832}.Release|ARM.ActiveCfg = Release|ARM
		{BFE78BD3-7784-491B-A8D0-456AC690E832}.Release|ARM.Build.0 = Release|ARM
		{BFE78BD3-7784-491B-A8D0-456AC690E832}.Release|ARM.Deploy.0 = Release|ARM
		{BFE78BD3-7784-491B-A8D0-456AC690E832}.Release|ARM64.ActiveCfg = Release|ARM64
		{BFE78BD3-7784-491B-A8D0-456AC690E832}.Release|ARM64.Build.0 = Release|ARM64
		{BFE78BD3-7784-491B-A8D0-456AC690E832}.Release|ARM64.Deploy.0 = Release|ARM64
		{BFE78BD3-7784-491B-A8D0-456AC690E832}.Release|x64.ActiveCfg = Release|x64
		{BFE78BD3-7784-491B-A8D0-456AC690E832}.Release|x64.Build.0 = Release|x64
		{BFE78BD3-7784-491B-A8D0-456AC690E832}.Release|x64.Deploy.0 = Release|x64
		{BFE78BD3-7784-491B-A8D0-456AC690E832}.Release|x86.ActiveCfg = Release|x86
		{BFE78BD3-7784-491B-A8D0-456AC690E832}.Release|x86.Build.0 = Release|x86
		{BFE78BD3-7784-491B-A8D0-456AC690E832}.Release|x86.Deploy.0 = Release|x86
		{28346C7A-5F9B-4908-9DBD-A9C096A7B50B}.Debug|ARM.ActiveCfg = Debug|ARM
		{28346C7A-5F9B-4908-9DBD-A9C096A7B50B}.Debug|ARM.Build.0 = Debug|ARM
		{28346C7A-5F9B-4908-9DBD-A9C096A7B50B}.Debug|ARM64.ActiveCfg = Debug|ARM64
		{28346C7A-5F9B-4908-9DBD-A9C096A7B50B}.Debug|ARM64.Build.0 = Debug|ARM64
		{28346C7A-5F9B-4908-9DBD-A9C096A7B50B}.Debug|x64.ActiveCfg = Debug|x64
		{28346C7A-5F9B-4908-9DBD-A9C096A7B50B}.Debug|x64.Build.0 = Debug|x64
		{28346C7A-5F9B-4908-9DBD-A9C096A7B50B}.Debug|x86.ActiveCfg = Debug|x86
		{28346C7A-5F9B-4908-9DBD-A9C096A7B50B}.Debug|x86.Build.0 = Debug|x86
		{28346C7A-5F9B-4908-9DBD-A9C096A7B50B}.Release|ARM.ActiveCfg = Release|ARM
		{28346C7A-5F9B-4908-9DBD-A9C096A7B50B}.Release|ARM.Build.0 = Release|ARM
		{28346C7A-5F9B-4908-9DBD-A9C096A7B50B}.Release|ARM64.ActiveCfg = Release|ARM64
		{28346C7A-5F9B-4908-9DBD-A9C096A7B50B}.Release|ARM64.Build.0 = Release|ARM64
		{28346C7A-5F9B-4908-9DBD-A9C096A7B50B}.Release|x64.ActiveCfg = Release|x64
		{28346C7A-5F9B-4908-9DBD-A9C096A7B50B}.Release|x64.Build.0 = Release|x64
		{28346C7A-5F9B-4908-9DBD-A9C096A7B50B}.Release|x86.ActiveCfg = Release|x86
		{28346C7A-5F9B-4908-9DBD-A9C096A7B50B}.Release|x86.Build.0 = Release|x86
	EndGlobalSection
	GlobalSection(SolutionProperties) = preSolution
		HideSolutionNode = FALSE
	EndGlobalSection
	GlobalSection(NestedProjects) = preSolution
		{BFE78BD3-7784-491B-A8D0-456AC690E832} = {5032C1CD-CCAE-4EC9-99AA-8290E31591EB}
		{28346C7A-5F9B-4908-9DBD-A9C096A7B50B} = {5032C1CD-CCAE-4EC9-99AA-8290E31591EB}
	EndGlobalSection
	GlobalSection(ExtensibilityGlobals) = postSolution
		SolutionGuid = {5FE52BBE-95EC-4D19-934B-FACA2925A3C0}
	EndGlobalSection
EndGlobal
